%{
  "absinthe": {:hex, :absinthe, "1.4.14", "fef224a6aac63d6eaafbc0cb96040a8abcd572275b9b4db69d46329acdcae7c7", [:mix], [{:dataloader, "~> 1.0.0", [hex: :dataloader, repo: "hexpm", optional: true]}, {:decimal, "~> 1.0", [hex: :decimal, repo: "hexpm", optional: true]}], "hexpm"},
  "absinthe_plug": {:hex, :absinthe_plug, "1.4.6", "ac5d2d3d02acf52fda0f151b294017ab06e2ed1c6c15334e06aac82c94e36e08", [:mix], [{:absinthe, "~> 1.4.11", [hex: :absinthe, repo: "hexpm", optional: false]}, {:plug, "~> 1.3.2 or ~> 1.4", [hex: :plug, repo: "hexpm", optional: false]}], "hexpm"},
  "certifi": {:hex, :certifi, "2.4.2", "75424ff0f3baaccfd34b1214184b6ef616d89e420b258bb0a5ea7d7bc628f7f0", [:rebar3], [{:parse_trans, "~>3.3", [hex: :parse_trans, repo: "hexpm", optional: false]}], "hexpm"},
  "combine": {:hex, :combine, "0.10.0", "eff8224eeb56498a2af13011d142c5e7997a80c8f5b97c499f84c841032e429f", [:mix], [], "hexpm"},
  "connection": {:hex, :connection, "1.0.4", "a1cae72211f0eef17705aaededacac3eb30e6625b04a6117c1b2db6ace7d5976", [:mix], [], "hexpm"},
  "cowboy": {:hex, :cowboy, "2.6.1", "f2e06f757c337b3b311f9437e6e072b678fcd71545a7b2865bdaa154d078593f", [:rebar3], [{:cowlib, "~> 2.7.0", [hex: :cowlib, repo: "hexpm", optional: false]}, {:ranch, "~> 1.7.1", [hex: :ranch, repo: "hexpm", optional: false]}], "hexpm"},
  "cowlib": {:hex, :cowlib, "2.7.0", "3ef16e77562f9855a2605900cedb15c1462d76fb1be6a32fc3ae91973ee543d2", [:rebar3], [], "hexpm"},
  "dataloader": {:hex, :dataloader, "1.0.6", "fb724d6d3fb6acb87d27e3b32dea3a307936ad2d245faf9cf5221d1323d6a4ba", [:mix], [{:ecto, ">= 0.0.0", [hex: :ecto, repo: "hexpm", optional: true]}], "hexpm"},
  "decimal": {:hex, :decimal, "1.6.0", "bfd84d90ff966e1f5d4370bdd3943432d8f65f07d3bab48001aebd7030590dcc", [:mix], [], "hexpm"},
  "earmark": {:hex, :earmark, "1.3.1", "73812f447f7a42358d3ba79283cfa3075a7580a3a2ed457616d6517ac3738cb9", [:mix], [], "hexpm"},
  "ecto": {:hex, :ecto, "3.0.7", "44dda84ac6b17bbbdeb8ac5dfef08b7da253b37a453c34ab1a98de7f7e5fec7f", [:mix], [{:decimal, "~> 1.6", [hex: :decimal, repo: "hexpm", optional: false]}, {:jason, "~> 1.0", [hex: :jason, repo: "hexpm", optional: true]}, {:poison, "~> 2.2 or ~> 3.0", [hex: :poison, repo: "hexpm", optional: true]}], "hexpm"},
  "ex_doc": {:hex, :ex_doc, "0.19.3", "3c7b0f02851f5fc13b040e8e925051452e41248f685e40250d7e40b07b9f8c10", [:mix], [{:earmark, "~> 1.2", [hex: :earmark, repo: "hexpm", optional: false]}, {:makeup_elixir, "~> 0.10", [hex: :makeup_elixir, repo: "hexpm", optional: false]}], "hexpm"},
  "ex_marshal": {:hex, :ex_marshal, "0.0.10", "15f127680ef66c2a45096ec56be52363a4e33cf35b39022dc67a405013b2a2e1", [:mix], [{:decimal, "~> 1.1", [hex: :decimal, repo: "hexpm", optional: false]}], "hexpm"},
  "floki": {:hex, :floki, "0.20.4", "be42ac911fece24b4c72f3b5846774b6e61b83fe685c2fc9d62093277fb3bc86", [:mix], [{:html_entities, "~> 0.4.0", [hex: :html_entities, repo: "hexpm", optional: false]}, {:mochiweb, "~> 2.15", [hex: :mochiweb, repo: "hexpm", optional: false]}], "hexpm"},
  "fulib": {:hex, :fulib, "0.1.3", "8f93686dac0783235fb7a866a445dfea0ddf302473f2bce9e03599d632282a69", [:mix], [{:cowboy, "~> 2.0", [hex: :cowboy, repo: "hexpm", optional: false]}, {:dataloader, "~> 1.0", [hex: :dataloader, repo: "hexpm", optional: false]}, {:earmark, "~> 1.0", [hex: :earmark, repo: "hexpm", optional: false]}, {:ecto, "~> 3.0 or ~> 2.0", [hex: :ecto, repo: "hexpm", optional: false]}, {:ex_marshal, "~> 0.0.10", [hex: :ex_marshal, repo: "hexpm", optional: false]}, {:floki, "~> 0.20", [hex: :floki, repo: "hexpm", optional: false]}, {:gettext, "~> 0.13", [hex: :gettext, repo: "hexpm", optional: false]}, {:httpoison, "~> 1.0", [hex: :httpoison, repo: "hexpm", optional: false]}, {:jason, "~> 1.0", [hex: :jason, repo: "hexpm", optional: false]}, {:nebulex, "~> 1.0", [hex: :nebulex, repo: "hexpm", optional: false]}, {:nebulex_redis_adapter, "~> 1.0", [hex: :nebulex_redis_adapter, repo: "hexpm", optional: false]}, {:phoenix_html, "~> 2.0", [hex: :phoenix_html, repo: "hexpm", optional: false]}, {:plug, "~> 1.0", [hex: :plug, repo: "hexpm", optional: false]}, {:recase, "~> 0.4", [hex: :recase, repo: "hexpm", optional: false]}, {:shorter_maps, "~> 2.0", [hex: :shorter_maps, repo: "hexpm", optional: false]}, {:timex, "~> 3.0", [hex: :timex, repo: "hexpm", optional: false]}, {:tiny_util, "~> 0.2", [hex: :tiny_util, repo: "hexpm", optional: false]}, {:yamerl, "~> 0.4", [hex: :yamerl, repo: "hexpm", optional: false]}], "hexpm"},
  "gettext": {:hex, :gettext, "0.16.1", "e2130b25eebcbe02bb343b119a07ae2c7e28bd4b146c4a154da2ffb2b3507af2", [:mix], [], "hexpm"},
  "hackney": {:hex, :hackney, "1.15.0", "287a5d2304d516f63e56c469511c42b016423bcb167e61b611f6bad47e3ca60e", [:rebar3], [{:certifi, "2.4.2", [hex: :certifi, repo: "hexpm", optional: false]}, {:idna, "6.0.0", [hex: :idna, repo: "hexpm", optional: false]}, {:metrics, "1.0.1", [hex: :metrics, repo: "hexpm", optional: false]}, {:mimerl, "1.0.2", [hex: :mimerl, repo: "hexpm", optional: false]}, {:ssl_verify_fun, "1.1.4", [hex: :ssl_verify_fun, repo: "hexpm", optional: false]}], "hexpm"},
  "html_entities": {:hex, :html_entities, "0.4.0", "f2fee876858cf6aaa9db608820a3209e45a087c5177332799592142b50e89a6b", [:mix], [], "hexpm"},
  "httpoison": {:hex, :httpoison, "1.5.0", "71ae9f304bdf7f00e9cd1823f275c955bdfc68282bc5eb5c85c3a9ade865d68e", [:mix], [{:hackney, "~> 1.8", [hex: :hackney, repo: "hexpm", optional: false]}], "hexpm"},
  "idna": {:hex, :idna, "6.0.0", "689c46cbcdf3524c44d5f3dde8001f364cd7608a99556d8fbd8239a5798d4c10", [:rebar3], [{:unicode_util_compat, "0.4.1", [hex: :unicode_util_compat, repo: "hexpm", optional: false]}], "hexpm"},
  "jason": {:hex, :jason, "1.1.2", "b03dedea67a99223a2eaf9f1264ce37154564de899fd3d8b9a21b1a6fd64afe7", [:mix], [{:decimal, "~> 1.0", [hex: :decimal, repo: "hexpm", optional: true]}], "hexpm"},
  "makeup": {:hex, :makeup, "0.8.0", "9cf32aea71c7fe0a4b2e9246c2c4978f9070257e5c9ce6d4a28ec450a839b55f", [:mix], [{:nimble_parsec, "~> 0.5.0", [hex: :nimble_parsec, repo: "hexpm", optional: false]}], "hexpm"},
  "makeup_elixir": {:hex, :makeup_elixir, "0.13.0", "be7a477997dcac2e48a9d695ec730b2d22418292675c75aa2d34ba0909dcdeda", [:mix], [{:makeup, "~> 0.8", [hex: :makeup, repo: "hexpm", optional: false]}], "hexpm"},
  "mbcs": {:hex, :mbcs, "1.1.1", "3631517474e37a40b21cf440e5065f3ab14a2a1bbedaf4c99dbb281f1230067d", [:rebar3], [], "hexpm"},
  "memcache": {:hex, :memcache, "0.1.3", "fcda3e08acdb7ddd43f9738871a68621b2e9a5a977626c7808a64e14b25e8bbb", [:mix], [{:connection, "~> 1.0.4", [hex: :connection, repo: "hexpm", optional: false]}, {:jason, "~> 1.0", [hex: :jason, repo: "hexpm", optional: false]}, {:poolboy, "~> 1.5.1", [hex: :poolboy, repo: "hexpm", optional: false]}], "hexpm"},
  "metrics": {:hex, :metrics, "1.0.1", "25f094dea2cda98213cecc3aeff09e940299d950904393b2a29d191c346a8486", [:rebar3], [], "hexpm"},
  "mime": {:hex, :mime, "1.3.1", "30ce04ab3175b6ad0bdce0035cba77bba68b813d523d1aac73d9781b4d193cf8", [:mix], [], "hexpm"},
  "mimerl": {:hex, :mimerl, "1.0.2", "993f9b0e084083405ed8252b99460c4f0563e41729ab42d9074fd5e52439be88", [:rebar3], [], "hexpm"},
  "mochiweb": {:hex, :mochiweb, "2.18.0", "eb55f1db3e6e960fac4e6db4e2db9ec3602cc9f30b86cd1481d56545c3145d2e", [:rebar3], [], "hexpm"},
  "nebulex": {:hex, :nebulex, "1.0.1", "a69422b6d1ed3324f9bc9f3d6d5ad76d964f693998319de70db45d4c25a41b98", [:mix], [{:shards, "~> 0.6", [hex: :shards, repo: "hexpm", optional: false]}], "hexpm"},
  "nebulex_redis_adapter": {:hex, :nebulex_redis_adapter, "1.0.0", "915aced666e46cb5b1def78ad55f69485adf32e39a599406b7cfed8143e24794", [:mix], [{:nebulex, "~> 1.0", [hex: :nebulex, repo: "hexpm", optional: false]}, {:redix, "~> 0.9", [hex: :redix, repo: "hexpm", optional: false]}], "hexpm"},
  "nimble_parsec": {:hex, :nimble_parsec, "0.5.0", "90e2eca3d0266e5c53f8fbe0079694740b9c91b6747f2b7e3c5d21966bba8300", [:mix], [], "hexpm"},
  "parse_trans": {:hex, :parse_trans, "3.3.0", "09765507a3c7590a784615cfd421d101aec25098d50b89d7aa1d66646bc571c1", [:rebar3], [], "hexpm"},
  "phoenix_html": {:hex, :phoenix_html, "2.13.1", "fa8f034b5328e2dfa0e4131b5569379003f34bc1fafdaa84985b0b9d2f12e68b", [:mix], [{:plug, "~> 1.5", [hex: :plug, repo: "hexpm", optional: false]}], "hexpm"},
  "plug": {:hex, :plug, "1.7.2", "d7b7db7fbd755e8283b6c0a50be71ec0a3d67d9213d74422d9372effc8e87fd1", [:mix], [{:mime, "~> 1.0", [hex: :mime, repo: "hexpm", optional: false]}, {:plug_crypto, "~> 1.0", [hex: :plug_crypto, repo: "hexpm", optional: false]}], "hexpm"},
  "plug_crypto": {:hex, :plug_crypto, "1.0.0", "18e49317d3fa343f24620ed22795ec29d4a5e602d52d1513ccea0b07d8ea7d4d", [:mix], [], "hexpm"},
  "poolboy": {:hex, :poolboy, "1.5.1", "6b46163901cfd0a1b43d692657ed9d7e599853b3b21b95ae5ae0a777cf9b6ca8", [:rebar], [], "hexpm"},
  "ranch": {:hex, :ranch, "1.7.1", "6b1fab51b49196860b733a49c07604465a47bdb78aa10c1c16a3d199f7f8c881", [:rebar3], [], "hexpm"},
  "recase": {:hex, :recase, "0.4.0", "8fb52846f75948156385af2dfdc12f69e5ce27b022a9d1682c70a2fb3ed149c7", [:mix], [], "hexpm"},
  "redix": {:hex, :redix, "0.9.2", "a753d5c642e1df21c5444ebb038f1ee3e52c180a63b9d78368f453efcadef311", [:mix], [], "hexpm"},
  "shards": {:hex, :shards, "0.6.0", "678d292ad74a4598a872930f9b12251f43e97f6050287f1fb712fbfd3d282f75", [:make, :rebar3], [], "hexpm"},
  "shorter_maps": {:hex, :shorter_maps, "2.2.5", "77b2e3632a49c72ca8aea2a47687767b3ad2623b9ade529ffe31f41865a32886", [:mix], [], "hexpm"},
  "snowflake": {:git, "https://github.com/gialib/snowflake.git", "57b28fc2fbe2c2c7848ae1427ef9a5365639407d", []},
  "ssl_verify_fun": {:hex, :ssl_verify_fun, "1.1.4", "f0eafff810d2041e93f915ef59899c923f4568f4585904d010387ed74988e77b", [:make, :mix, :rebar3], [], "hexpm"},
  "timex": {:hex, :timex, "3.5.0", "b0a23167da02d0fe4f1a4e104d1f929a00d348502b52432c05de875d0b9cffa5", [:mix], [{:combine, "~> 0.10", [hex: :combine, repo: "hexpm", optional: false]}, {:gettext, "~> 0.10", [hex: :gettext, repo: "hexpm", optional: false]}, {:tzdata, "~> 0.1.8 or ~> 0.5", [hex: :tzdata, repo: "hexpm", optional: false]}], "hexpm"},
  "tiny_util": {:hex, :tiny_util, "0.2.0", "acf1d35ef916522d8857e0e534acce68a84efecd12870a87f860f4314eac9fa9", [:mix], [{:mbcs, "~> 1.1", [hex: :mbcs, repo: "hexpm", optional: false]}], "hexpm"},
  "tzdata": {:hex, :tzdata, "0.5.19", "7962a3997bf06303b7d1772988ede22260f3dae1bf897408ebdac2b4435f4e6a", [:mix], [{:hackney, "~> 1.0", [hex: :hackney, repo: "hexpm", optional: false]}], "hexpm"},
  "unicode_util_compat": {:hex, :unicode_util_compat, "0.4.1", "d869e4c68901dd9531385bb0c8c40444ebf624e60b6962d95952775cac5e90cd", [:rebar3], [], "hexpm"},
  "yamerl": {:hex, :yamerl, "0.7.0", "e51dba652dce74c20a88294130b48051ebbbb0be7d76f22de064f0f3ccf0aaf5", [:rebar3], [], "hexpm"},
}
